
Microsoft Visual Studio Solution File, Format Version 12.00
# Visual Studio Version 17
VisualStudioVersion = 17.6.33815.320
MinimumVisualStudioVersion = 10.0.40219.1
Project("{FAE04EC0-301F-11D3-BF4B-00C04F79EFBC}") = "CompanyEmployee", "CompanyEmployee\CompanyEmployee.csproj", "{026776AB-2D7A-4E43-8BEC-968A6E9B4431}"
EndProject
Project("{FAE04EC0-301F-11D3-BF4B-00C04F79EFBC}") = "Contracts", "Contracts\Contracts.csproj", "{7B379994-6C7F-47C6-A5D6-EB8E715E9F3F}"
EndProject
Project("{FAE04EC0-301F-11D3-BF4B-00C04F79EFBC}") = "LoggerService", "LoggerService\LoggerService.csproj", "{731B6CAD-3729-4665-B72B-04E03D552E1E}"
EndProject
Project("{FAE04EC0-301F-11D3-BF4B-00C04F79EFBC}") = "Entities", "Entities\Entities.csproj", "{25F92737-C1C7-4EC7-A964-619572E54CCC}"
EndProject
Global
	GlobalSection(SolutionConfigurationPlatforms) = preSolution
		Debug|Any CPU = Debug|Any CPU
		Release|Any CPU = Release|Any CPU
	EndGlobalSection
	GlobalSection(ProjectConfigurationPlatforms) = postSolution
		{026776AB-2D7A-4E43-8BEC-968A6E9B4431}.Debug|Any CPU.ActiveCfg = Debug|Any CPU
		{026776AB-2D7A-4E43-8BEC-968A6E9B4431}.Debug|Any CPU.Build.0 = Debug|Any CPU
		{026776AB-2D7A-4E43-8BEC-968A6E9B4431}.Release|Any CPU.ActiveCfg = Release|Any CPU
		{026776AB-2D7A-4E43-8BEC-968A6E9B4431}.Release|Any CPU.Build.0 = Release|Any CPU
		{7B379994-6C7F-47C6-A5D6-EB8E715E9F3F}.Debug|Any CPU.ActiveCfg = Debug|Any CPU
		{7B379994-6C7F-47C6-A5D6-EB8E715E9F3F}.Debug|Any CPU.Build.0 = Debug|Any CPU
		{7B379994-6C7F-47C6-A5D6-EB8E715E9F3F}.Release|Any CPU.ActiveCfg = Release|Any CPU
		{7B379994-6C7F-47C6-A5D6-EB8E715E9F3F}.Release|Any CPU.Build.0 = Release|Any CPU
		{731B6CAD-3729-4665-B72B-04E03D552E1E}.Debug|Any CPU.ActiveCfg = Debug|Any CPU
		{731B6CAD-3729-4665-B72B-04E03D552E1E}.Debug|Any CPU.Build.0 = Debug|Any CPU
		{731B6CAD-3729-4665-B72B-04E03D552E1E}.Release|Any CPU.ActiveCfg = Release|Any CPU
		{731B6CAD-3729-4665-B72B-04E03D552E1E}.Release|Any CPU.Build.0 = Release|Any CPU
		{25F92737-C1C7-4EC7-A964-619572E54CCC}.Debug|Any CPU.ActiveCfg = Debug|Any CPU
		{25F92737-C1C7-4EC7-A964-619572E54CCC}.Debug|Any CPU.Build.0 = Debug|Any CPU
		{25F92737-C1C7-4EC7-A964-619572E54CCC}.Release|Any CPU.ActiveCfg = Release|Any CPU
		{25F92737-C1C7-4EC7-A964-619572E54CCC}.Release|Any CPU.Build.0 = Release|Any CPU
	EndGlobalSection
	GlobalSection(SolutionProperties) = preSolution
		HideSolutionNode = FALSE
	EndGlobalSection
	GlobalSection(ExtensibilityGlobals) = postSolution
		SolutionGuid = {9FA7F499-D5C5-4457-9A64-D7AE5194E3CB}
	EndGlobalSection
EndGlobal
