
Microsoft Visual Studio Solution File, Format Version 12.00
# Visual Studio Version 17
VisualStudioVersion = 17.6.33815.320
MinimumVisualStudioVersion = 10.0.40219.1
Project("{FAE04EC0-301F-11D3-BF4B-00C04F79EFBC}") = "BasicWebApi", "BasicWebApi\BasicWebApi.csproj", "{53501B4E-E8B8-4485-BB29-7718DCD7ACFB}"
EndProject
Global
	GlobalSection(SolutionConfigurationPlatforms) = preSolution
		Debug|Any CPU = Debug|Any CPU
		Release|Any CPU = Release|Any CPU
	EndGlobalSection
	GlobalSection(ProjectConfigurationPlatforms) = postSolution
		{53501B4E-E8B8-4485-BB29-7718DCD7ACFB}.Debug|Any CPU.ActiveCfg = Debug|Any CPU
		{53501B4E-E8B8-4485-BB29-7718DCD7ACFB}.Debug|Any CPU.Build.0 = Debug|Any CPU
		{53501B4E-E8B8-4485-BB29-7718DCD7ACFB}.Release|Any CPU.ActiveCfg = Release|Any CPU
		{53501B4E-E8B8-4485-BB29-7718DCD7ACFB}.Release|Any CPU.Build.0 = Release|Any CPU
	EndGlobalSection
	GlobalSection(SolutionProperties) = preSolution
		HideSolutionNode = FALSE
	EndGlobalSection
	GlobalSection(ExtensibilityGlobals) = postSolution
		SolutionGuid = {9DCB98B3-892A-49C2-BB56-1DA54F9CAB0C}
	EndGlobalSection
EndGlobal
